<?xml version="1.0" encoding="utf-8"?>
<Project ToolsVersion="4.0" xmlns="http://schemas.microsoft.com/developer/msbuild/2003">
  <ItemGroup>
    <Filter Include="Source Files">
      <UniqueIdentifier>{4FC737F1-C7A5-4376-A066-2A32D752A2FF}</UniqueIdentifier>
      <Extensions>cpp;c;cc;cxx;def;odl;idl;hpj;bat;asm;asmx</Extensions>
    </Filter>
    <Filter Include="Header Files">
      <UniqueIdentifier>{93995380-89BD-4b04-88EB-625FBE52EBFB}</UniqueIdentifier>
      <Extensions>h;hh;hpp;hxx;hm;inl;inc;ipp;xsd</Extensions>
    </Filter>
    <Filter Include="Resource Files">
      <UniqueIdentifier>{67DA6AB6-F800-4c08-8B7A-83BB121AAD01}</UniqueIdentifier>
      <Extensions>rc;ico;cur;bmp;dlg;rc2;rct;bin;rgs;gif;jpg;jpeg;jpe;resx;tiff;tif;png;wav;mfcribbon-ms</Extensions>
    </Filter>
    <Filter Include="Header Files\App">
      <UniqueIdentifier>{4542feee-ae0b-455c-84a7-6ac09d50d30b}</UniqueIdentifier>
    </Filter>
    <Filter Include="Header Files\Scene">
      <UniqueIdentifier>{98e1615f-ff6f-4c68-a405-cc43d3ce2465}</UniqueIdentifier>
    </Filter>
    <Filter Include="Header Files\Import">
      <UniqueIdentifier>{4796185b-1f52-4857-8b46-4927603747d6}</UniqueIdentifier>
    </Filter>
    <Filter Include="Header Files\MeshData">
      <UniqueIdentifier>{fec0e431-e1b8-4c63-a909-ac8d2a998dfb}</UniqueIdentifier>
    </Filter>
    <Filter Include="Header Files\Render">
      <UniqueIdentifier>{4a96c1f6-ec1d-49dd-ad97-a83a22b067d4}</UniqueIdentifier>
    </Filter>
  </ItemGroup>
  <ItemGroup>
    <ClInclude Include="stdafx.h">
      <Filter>Header Files</Filter>
    </ClInclude>
    <ClInclude Include="targetver.h">
      <Filter>Header Files</Filter>
    </ClInclude>
    <ClInclude Include="App.h">
      <Filter>Header Files\App</Filter>
    </ClInclude>
    <ClInclude Include="State.h">
      <Filter>Header Files\App</Filter>
    </ClInclude>
    <ClInclude Include="Log.h">
      <Filter>Header Files\App</Filter>
    </ClInclude>
    <ClInclude Include="SceneGraph.h">
      <Filter>Header Files\Scene</Filter>
    </ClInclude>
    <ClInclude Include="SceneNode.h">
      <Filter>Header Files\Scene</Filter>
    </ClInclude>
    <ClInclude Include="Node3D.h">
      <Filter>Header Files\Scene</Filter>
    </ClInclude>
    <ClInclude Include="MeshData.h">
      <Filter>Header Files\MeshData</Filter>
    </ClInclude>
    <ClInclude Include="Vertex.h">
      <Filter>Header Files</Filter>
    </ClInclude>
    <ClInclude Include="Triangle.h">
      <Filter>Header Files</Filter>
    </ClInclude>
    <ClInclude Include="Import.h">
      <Filter>Header Files\Import</Filter>
    </ClInclude>
    <ClInclude Include="Pen.h">
      <Filter>Header Files</Filter>
    </ClInclude>
    <ClInclude Include="Global.h">
      <Filter>Header Files</Filter>
    </ClInclude>
    <ClInclude Include="SceneRenderer.h">
      <Filter>Header Files\Render</Filter>
    </ClInclude>
    <ClInclude Include="RendererSimple.h">
      <Filter>Header Files\Render</Filter>
    </ClInclude>
    <ClInclude Include="NodeCam.h">
      <Filter>Header Files\Scene</Filter>
    </ClInclude>
  </ItemGroup>
  <ItemGroup>
    <ClCompile Include="stdafx.cpp">
      <Filter>Source Files</Filter>
    </ClCompile>
    <ClCompile Include="App.cpp">
      <Filter>Source Files</Filter>
    </ClCompile>
    <ClCompile Include="State.cpp">
      <Filter>Source Files</Filter>
    </ClCompile>
    <ClCompile Include="Log.cpp">
      <Filter>Source Files</Filter>
    </ClCompile>
    <ClCompile Include="SceneGraph.cpp">
      <Filter>Source Files</Filter>
    </ClCompile>
    <ClCompile Include="SceneNode.cpp">
      <Filter>Source Files</Filter>
    </ClCompile>
    <ClCompile Include="Node3D.cpp">
      <Filter>Source Files</Filter>
    </ClCompile>
    <ClCompile Include="NodeCam.cpp">
      <Filter>Source Files</Filter>
    </ClCompile>
    <ClCompile Include="Import.cpp">
      <Filter>Source Files</Filter>
    </ClCompile>
    <ClCompile Include="MeshData.cpp">
      <Filter>Source Files</Filter>
    </ClCompile>
    <ClCompile Include="Vertex.cpp">
      <Filter>Source Files</Filter>
    </ClCompile>
    <ClCompile Include="Triangle.cpp">
      <Filter>Source Files</Filter>
    </ClCompile>
    <ClCompile Include="Pen.cpp">
      <Filter>Source Files</Filter>
    </ClCompile>
    <ClCompile Include="Global.cpp">
      <Filter>Source Files</Filter>
    </ClCompile>
    <ClCompile Include="SceneRenderer.cpp">
      <Filter>Source Files</Filter>
    </ClCompile>
    <ClCompile Include="RendererSimple.cpp">
      <Filter>Source Files</Filter>
    </ClCompile>
  </ItemGroup>
  <ItemGroup>
    <None Include="packages.config" />
  </ItemGroup>
</Project>